// !$*UTF8*$!
{
	archiveVersion = 1;
	classes = {
	};
	objectVersion = 46;
	objects = {

/* Begin PBXBuildFile section */
		68CAB9361CC6BE820033A100 /* kastro_.h in Headers */ = {isa = PBXBuildFile; fileRef = 68CAB9351CC6BE820033A100 /* kastro_.h */; };
		68CAB9381CC6BE820033A100 /* kastro_.m in Sources */ = {isa = PBXBuildFile; fileRef = 68CAB9371CC6BE820033A100 /* kastro_.m */; };
/* End PBXBuildFile section */

/* Begin PBXFileReference section */
		68CAB9321CC6BE820033A100 /* libkastro~.dylib */ = {isa = PBXFileReference; explicitFileType = "compiled.mach-o.dylib"; includeInIndex = 0; path = "libkastro~.dylib"; sourceTree = BUILT_PRODUCTS_DIR; };
		68CAB9351CC6BE820033A100 /* kastro_.h */ = {isa = PBXFileReference; lastKnownFileType = sourcecode.c.h; path = kastro_.h; sourceTree = "<group>"; };
		68CAB9371CC6BE820033A100 /* kastro_.m */ = {isa = PBXFileReference; lastKnownFileType = sourcecode.c.objc; path = kastro_.m; sourceTree = "<group>"; };
/* End PBXFileReference section */

/* Begin PBXFrameworksBuildPhase section */
		68CAB92F1CC6BE810033A100 /* Frameworks */ = {
			isa = PBXFrameworksBuildPhase;
			buildActionMask = 2147483647;
			files = (
			);
			runOnlyForDeploymentPostprocessing = 0;
		};
/* End PBXFrameworksBuildPhase section */

/* Begin PBXGroup section */
		68CAB9291CC6BE810033A100 = {
			isa = PBXGroup;
			children = (
				68CAB9341CC6BE820033A100 /* kastro~ */,
				68CAB9331CC6BE820033A100 /* Products */,
			);
			sourceTree = "<group>";
		};
		68CAB9331CC6BE820033A100 /* Products */ = {
			isa = PBXGroup;
			children = (
				68CAB9321CC6BE820033A100 /* libkastro~.dylib */,
			);
			name = Products;
			sourceTree = "<group>";
		};
		68CAB9341CC6BE820033A100 /* kastro~ */ = {
			isa = PBXGroup;
			children = (
				68CAB9351CC6BE820033A100 /* kastro_.h */,
				68CAB9371CC6BE820033A100 /* kastro_.m */,
			);
			path = "kastro~";
			sourceTree = "<group>";
		};
/* End PBXGroup section */

/* Begin PBXHeadersBuildPhase section */
		68CAB9301CC6BE810033A100 /* Headers */ = {
			isa = PBXHeadersBuildPhase;
			buildActionMask = 2147483647;
			files = (
				68CAB9361CC6BE820033A100 /* kastro_.h in Headers */,
			);
			runOnlyForDeploymentPostprocessing = 0;
		};
/* End PBXHeadersBuildPhase section */

/* Begin PBXNativeTarget section */
		68CAB9311CC6BE810033A100 /* kastro~ */ = {
			isa = PBXNativeTarget;
			buildConfigurationList = 68CAB93B1CC6BE820033A100 /* Build configuration list for PBXNativeTarget "kastro~" */;
			buildPhases = (
				68CAB92E1CC6BE810033A100 /* Sources */,
				68CAB92F1CC6BE810033A100 /* Frameworks */,
				68CAB9301CC6BE810033A100 /* Headers */,
			);
			buildRules = (
			);
			dependencies = (
			);
			name = "kastro~";
			productName = "kastro~";
			productReference = 68CAB9321CC6BE820033A100 /* libkastro~.dylib */;
			productType = "com.apple.product-type.library.dynamic";
		};
/* End PBXNativeTarget section */

/* Begin PBXProject section */
		68CAB92A1CC6BE810033A100 /* Project object */ = {
			isa = PBXProject;
			attributes = {
				LastUpgradeCheck = 0720;
				ORGANIZATIONNAME = "Jose Luis Diez Antich";
				TargetAttributes = {
					68CAB9311CC6BE810033A100 = {
						CreatedOnToolsVersion = 7.2.1;
					};
				};
			};
			buildConfigurationList = 68CAB92D1CC6BE810033A100 /* Build configuration list for PBXProject "kastro~" */;
			compatibilityVersion = "Xcode 3.2";
			developmentRegion = English;
			hasScannedForEncodings = 0;
			knownRegions = (
				en,
			);
			mainGroup = 68CAB9291CC6BE810033A100;
			productRefGroup = 68CAB9331CC6BE820033A100 /* Products */;
			projectDirPath = "";
			projectRoot = "";
			targets = (
				68CAB9311CC6BE810033A100 /* kastro~ */,
			);
		};
/* End PBXProject section */

/* Begin PBXSourcesBuildPhase section */
		68CAB92E1CC6BE810033A100 /* Sources */ = {
			isa = PBXSourcesBuildPhase;
			buildActionMask = 2147483647;
			files = (
				68CAB9381CC6BE820033A100 /* kastro_.m in Sources */,
			);
			runOnlyForDeploymentPostprocessing = 0;
		};
/* End PBXSourcesBuildPhase section */

/* Begin XCBuildConfiguration section */
		68CAB9391CC6BE820033A100 /* Debug */ = {
			isa = XCBuildConfiguration;
			buildSettings = {
				ALWAYS_SEARCH_USER_PATHS = NO;
				CLANG_CXX_LANGUAGE_STANDARD = "gnu++0x";
				CLANG_CXX_LIBRARY = "libc++";
				CLANG_ENABLE_MODULES = YES;
				CLANG_ENABLE_OBJC_ARC = YES;
				CLANG_WARN_BOOL_CONVERSION = YES;
				CLANG_WARN_CONSTANT_CONVERSION = YES;
				CLANG_WARN_DIRECT_OBJC_ISA_USAGE = YES_ERROR;
				CLANG_WARN_EMPTY_BODY = YES;
				CLANG_WARN_ENUM_CONVERSION = YES;
				CLANG_WARN_INT_CONVERSION = YES;
				CLANG_WARN_OBJC_ROOT_CLASS = YES_ERROR;
				CLANG_WARN_UNREACHABLE_CODE = YES;
				CLANG_WARN__DUPLICATE_METHOD_MATCH = YES;
				CODE_SIGN_IDENTITY = "-";
				COPY_PHASE_STRIP = NO;
				DEBUG_INFORMATION_FORMAT = dwarf;
				ENABLE_STRICT_OBJC_MSGSEND = YES;
				ENABLE_TESTABILITY = YES;
				GCC_C_LANGUAGE_STANDARD = gnu99;
				GCC_DYNAMIC_NO_PIC = NO;
				GCC_NO_COMMON_BLOCKS = YES;
				GCC_OPTIMIZATION_LEVEL = 0;
				GCC_PREPROCESSOR_DEFINITIONS = (
					"DEBUG=1",
					"$(inherited)",
				);
				GCC_WARN_64_TO_32_BIT_CONVERSION = YES;
				GCC_WARN_ABOUT_RETURN_TYPE = YES_ERROR;
				GCC_WARN_UNDECLARED_SELECTOR = YES;
				GCC_WARN_UNINITIALIZED_AUTOS = YES_AGGRESSIVE;
				GCC_WARN_UNUSED_FUNCTION = YES;
				GCC_WARN_UNUSED_VARIABLE = YES;
				MACOSX_DEPLOYMENT_TARGET = 10.11;
				MTL_ENABLE_DEBUG_INFO = YES;
				ONLY_ACTIVE_ARCH = YES;
				SDKROOT = macosx;
			};
			name = Debug;
		};
		68CAB93A1CC6BE820033A100 /* Release */ = {
			isa = XCBuildConfiguration;
			buildSettings = {
				ALWAYS_SEARCH_USER_PATHS = NO;
				CLANG_CXX_LANGUAGE_STANDARD = "gnu++0x";
				CLANG_CXX_LIBRARY = "libc++";
				CLANG_ENABLE_MODULES = YES;
				CLANG_ENABLE_OBJC_ARC = YES;
				CLANG_WARN_BOOL_CONVERSION = YES;
				CLANG_WARN_CONSTANT_CONVERSION = YES;
				CLANG_WARN_DIRECT_OBJC_ISA_USAGE = YES_ERROR;
				CLANG_WARN_EMPTY_BODY = YES;
				CLANG_WARN_ENUM_CONVERSION = YES;
				CLANG_WARN_INT_CONVERSION = YES;
				CLANG_WARN_OBJC_ROOT_CLASS = YES_ERROR;
				CLANG_WARN_UNREACHABLE_CODE = YES;
				CLANG_WARN__DUPLICATE_METHOD_MATCH = YES;
				CODE_SIGN_IDENTITY = "-";
				COPY_PHASE_STRIP = NO;
				DEBUG_INFORMATION_FORMAT = "dwarf-with-dsym";
				ENABLE_NS_ASSERTIONS = NO;
				ENABLE_STRICT_OBJC_MSGSEND = YES;
				GCC_C_LANGUAGE_STANDARD = gnu99;
				GCC_NO_COMMON_BLOCKS = YES;
				GCC_WARN_64_TO_32_BIT_CONVERSION = YES;
				GCC_WARN_ABOUT_RETURN_TYPE = YES_ERROR;
				GCC_WARN_UNDECLARED_SELECTOR = YES;
				GCC_WARN_UNINITIALIZED_AUTOS = YES_AGGRESSIVE;
				GCC_WARN_UNUSED_FUNCTION = YES;
				GCC_WARN_UNUSED_VARIABLE = YES;
				MACOSX_DEPLOYMENT_TARGET = 10.11;
				MTL_ENABLE_DEBUG_INFO = NO;
				SDKROOT = macosx;
			};
			name = Release;
		};
		68CAB93C1CC6BE820033A100 /* Debug */ = {
			isa = XCBuildConfiguration;
			buildSettings = {
				DYLIB_COMPATIBILITY_VERSION = 1;
				DYLIB_CURRENT_VERSION = 1;
				EXECUTABLE_PREFIX = lib;
				PRODUCT_NAME = "$(TARGET_NAME)";
			};
			name = Debug;
		};
		68CAB93D1CC6BE820033A100 /* Release */ = {
			isa = XCBuildConfiguration;
			buildSettings = {
				DYLIB_COMPATIBILITY_VERSION = 1;
				DYLIB_CURRENT_VERSION = 1;
				EXECUTABLE_PREFIX = lib;
				PRODUCT_NAME = "$(TARGET_NAME)";
			};
			name = Release;
		};
/* End XCBuildConfiguration section */

/* Begin XCConfigurationList section */
		68CAB92D1CC6BE810033A100 /* Build configuration list for PBXProject "kastro~" */ = {
			isa = XCConfigurationList;
			buildConfigurations = (
				68CAB9391CC6BE820033A100 /* Debug */,
				68CAB93A1CC6BE820033A100 /* Release */,
			);
			defaultConfigurationIsVisible = 0;
			defaultConfigurationName = Release;
		};
		68CAB93B1CC6BE820033A100 /* Build configuration list for PBXNativeTarget "kastro~" */ = {
			isa = XCConfigurationList;
			buildConfigurations = (
				68CAB93C1CC6BE820033A100 /* Debug */,
				68CAB93D1CC6BE820033A100 /* Release */,
			);
			defaultConfigurationIsVisible = 0;
		};
/* End XCConfigurationList section */
	};
	rootObject = 68CAB92A1CC6BE810033A100 /* Project object */;
}
